dependencies:
  espressif/led_strip:
    dependencies:
    - name: idf
      version: '>=5.0'
    source:
      path: /Users/Tanya/led_strip
      type: local
    version: 3.0.0
  idf:
    source:
      type: idf
    version: 5.5.0
direct_dependencies:
- espressif/led_strip
manifest_hash: ecbb27c105d995d63c174595a65b139d82a0ef50dcfef0224a63e611dbde8abf
target: esp32s3
version: 2.0.0
